// !$*UTF8*$!
{
	archiveVersion = 1;
	classes = {
	};
	objectVersion = 77;
	objects = {

/* Begin PBXBuildFile section */
		807D4F173015C25B00E953EC /* Alamofire in Frameworks */ = {isa = PBXBuildFile; productRef = 807D4F163015C25B00E953EC /* Alamofire */; };
		807D4F283015C78500E953EC /* CombineExt in Frameworks */ = {isa = PBXBuildFile; productRef = 807D4F273015C78500E953EC /* CombineExt */; };
		807D4F2B3015C89B00E953EC /* Swinject in Frameworks */ = {isa = PBXBuildFile; productRef = 807D4F2A3015C89B00E953EC /* Swinject */; };
		807D4F2E3015C97100E953EC /* Nuke in Frameworks */ = {isa = PBXBuildFile; productRef = 807D4F2D3015C97100E953EC /* Nuke */; };
		807D4F303015C97100E953EC /* NukeExtensions in Frameworks */ = {isa = PBXBuildFile; productRef = 807D4F2F3015C97100E953EC /* NukeExtensions */; };
		807D4F323015C97100E953EC /* NukeUI in Frameworks */ = {isa = PBXBuildFile; productRef = 807D4F313015C97100E953EC /* NukeUI */; };
		807D4F343015C97100E953EC /* NukeVideo in Frameworks */ = {isa = PBXBuildFile; productRef = 807D4F333015C97100E953EC /* NukeVideo */; };
		807D4F373015C9C600E953EC /* PopupView in Frameworks */ = {isa = PBXBuildFile; productRef = 807D4F363015C9C600E953EC /* PopupView */; };
		807D4F3A3015CA0600E953EC /* Pow in Frameworks */ = {isa = PBXBuildFile; productRef = 807D4F393015CA0600E953EC /* Pow */; };
		807D4F3D3015CA4800E953EC /* SkeletonUI in Frameworks */ = {isa = PBXBuildFile; productRef = 807D4F3C3015CA4800E953EC /* SkeletonUI */; };
		807D4F403015CA6B00E953EC /* ProgressHUD in Frameworks */ = {isa = PBXBuildFile; productRef = 807D4F3F3015CA6B00E953EC /* ProgressHUD */; };
/* End PBXBuildFile section */

/* Begin PBXCopyFilesBuildPhase section */
		807D52AD3019273200E953EC /* Embed Frameworks */ = {
			isa = PBXCopyFilesBuildPhase;
			buildActionMask = 2147483647;
			dstPath = "";
			dstSubfolderSpec = 10;
			files = (
			);
			name = "Embed Frameworks";
			runOnlyForDeploymentPostprocessing = 0;
		};
/* End PBXCopyFilesBuildPhase section */

/* Begin PBXFileReference section */
		80887F10300D4ECD007EF3E5 /* Instagram.app */ = {isa = PBXFileReference; explicitFileType = wrapper.application; includeInIndex = 0; name = Instagram.app; path = "/Users/tomthecat/Instagram/build/Debug-iphoneos/Instagram.app"; sourceTree = "<absolute>"; };
/* End PBXFileReference section */

/* Begin PBXFileSystemSynchronizedRootGroup section */
		807D527C30191D2F00E953EC /* Data */ = {
			isa = PBXFileSystemSynchronizedRootGroup;
			path = Data;
			sourceTree = "<group>";
		};
		80887F12300D4ECD007EF3E5 /* Application */ = {
			isa = PBXFileSystemSynchronizedRootGroup;
			path = Application;
			sourceTree = "<group>";
		};
		80887F1E300D4EFA007EF3E5 /* Resources */ = {
			isa = PBXFileSystemSynchronizedRootGroup;
			path = Resources;
			sourceTree = "<group>";
		};
		80887F1F300D4F58007EF3E5 /* Core */ = {
			isa = PBXFileSystemSynchronizedRootGroup;
			path = Core;
			sourceTree = "<group>";
		};
		80887F20300D4F63007EF3E5 /* Domain */ = {
			isa = PBXFileSystemSynchronizedRootGroup;
			path = Domain;
			sourceTree = "<group>";
		};
		80887F21300D4F69007EF3E5 /* Presentations */ = {
			isa = PBXFileSystemSynchronizedRootGroup;
			path = Presentations;
			sourceTree = "<group>";
		};
		80887F22300D4F8C007EF3E5 /* Common */ = {
			isa = PBXFileSystemSynchronizedRootGroup;
			path = Common;
			sourceTree = "<group>";
		};
		80887F23300D5147007EF3E5 /* Config */ = {
			isa = PBXFileSystemSynchronizedRootGroup;
			path = Config;
			sourceTree = "<group>";
		};
		80887F28300D5229007EF3E5 /* Persistence */ = {
			isa = PBXFileSystemSynchronizedRootGroup;
			path = Persistence;
			sourceTree = "<group>";
		};
		80887F29300D523A007EF3E5 /* Documentations */ = {
			isa = PBXFileSystemSynchronizedRootGroup;
			path = Documentations;
			sourceTree = "<group>";
		};
/* End PBXFileSystemSynchronizedRootGroup section */

/* Begin PBXFrameworksBuildPhase section */
		80887F0D300D4ECD007EF3E5 /* Frameworks */ = {
			isa = PBXFrameworksBuildPhase;
			buildActionMask = 2147483647;
			files = (
				807D4F2B3015C89B00E953EC /* Swinject in Frameworks */,
				807D4F323015C97100E953EC /* NukeUI in Frameworks */,
				807D4F173015C25B00E953EC /* Alamofire in Frameworks */,
				807D4F373015C9C600E953EC /* PopupView in Frameworks */,
				807D4F343015C97100E953EC /* NukeVideo in Frameworks */,
				807D4F3A3015CA0600E953EC /* Pow in Frameworks */,
				807D4F3D3015CA4800E953EC /* SkeletonUI in Frameworks */,
				807D4F283015C78500E953EC /* CombineExt in Frameworks */,
				807D4F403015CA6B00E953EC /* ProgressHUD in Frameworks */,
				807D4F2E3015C97100E953EC /* Nuke in Frameworks */,
				807D4F303015C97100E953EC /* NukeExtensions in Frameworks */,
			);
			runOnlyForDeploymentPostprocessing = 0;
		};
/* End PBXFrameworksBuildPhase section */

/* Begin PBXGroup section */
		80887F07300D4ECD007EF3E5 = {
			isa = PBXGroup;
			children = (
				80887F29300D523A007EF3E5 /* Documentations */,
				80887F28300D5229007EF3E5 /* Persistence */,
				80887F23300D5147007EF3E5 /* Config */,
				80887F22300D4F8C007EF3E5 /* Common */,
				80887F21300D4F69007EF3E5 /* Presentations */,
				80887F20300D4F63007EF3E5 /* Domain */,
				80887F1F300D4F58007EF3E5 /* Core */,
				80887F1E300D4EFA007EF3E5 /* Resources */,
				80887F12300D4ECD007EF3E5 /* Application */,
				807D527C30191D2F00E953EC /* Data */,
			);
			sourceTree = "<group>";
		};
/* End PBXGroup section */

/* Begin PBXNativeTarget section */
		80887F0F300D4ECD007EF3E5 /* Instagram */ = {
			isa = PBXNativeTarget;
			buildConfigurationList = 80887F1B300D4ECF007EF3E5 /* Build configuration list for PBXNativeTarget "Instagram" */;
			buildPhases = (
				80887F0C300D4ECD007EF3E5 /* Sources */,
				80887F0D300D4ECD007EF3E5 /* Frameworks */,
				80887F0E300D4ECD007EF3E5 /* Resources */,
				807D52AD3019273200E953EC /* Embed Frameworks */,
			);
			buildRules = (
			);
			dependencies = (
			);
			fileSystemSynchronizedGroups = (
				807D527C30191D2F00E953EC /* Data */,
				80887F12300D4ECD007EF3E5 /* Application */,
				80887F1E300D4EFA007EF3E5 /* Resources */,
				80887F1F300D4F58007EF3E5 /* Core */,
				80887F20300D4F63007EF3E5 /* Domain */,
				80887F21300D4F69007EF3E5 /* Presentations */,
				80887F22300D4F8C007EF3E5 /* Common */,
				80887F23300D5147007EF3E5 /* Config */,
				80887F28300D5229007EF3E5 /* Persistence */,
				80887F29300D523A007EF3E5 /* Documentations */,
			);
			name = Instagram;
			packageProductDependencies = (
				807D4F163015C25B00E953EC /* Alamofire */,
				807D4F273015C78500E953EC /* CombineExt */,
				807D4F2A3015C89B00E953EC /* Swinject */,
				807D4F2D3015C97100E953EC /* Nuke */,
				807D4F2F3015C97100E953EC /* NukeExtensions */,
				807D4F313015C97100E953EC /* NukeUI */,
				807D4F333015C97100E953EC /* NukeVideo */,
				807D4F363015C9C600E953EC /* PopupView */,
				807D4F393015CA0600E953EC /* Pow */,
				807D4F3C3015CA4800E953EC /* SkeletonUI */,
				807D4F3F3015CA6B00E953EC /* ProgressHUD */,
			);
			productName = Instagram;
			productReference = 80887F10300D4ECD007EF3E5 /* Instagram.app */;
			productType = "com.apple.product-type.application";
		};
/* End PBXNativeTarget section */

/* Begin PBXProject section */
		80887F08300D4ECD007EF3E5 /* Project object */ = {
			isa = PBXProject;
			attributes = {
				BuildIndependentTargetsInParallel = 1;
				LastSwiftUpdateCheck = 2630;
				LastUpgradeCheck = 2630;
				TargetAttributes = {
					80887F0F300D4ECD007EF3E5 = {
						CreatedOnToolsVersion = 26.3;
					};
				};
			};
			buildConfigurationList = 80887F0B300D4ECD007EF3E5 /* Build configuration list for PBXProject "Instagram" */;
			developmentRegion = en;
			hasScannedForEncodings = 0;
			knownRegions = (
				en,
				Base,
			);
			mainGroup = 80887F07300D4ECD007EF3E5;
			minimizedProjectReferenceProxies = 1;
			packageReferences = (
				807D4F153015C25B00E953EC /* XCRemoteSwiftPackageReference "Alamofire" */,
				807D4F263015C78500E953EC /* XCRemoteSwiftPackageReference "CombineExt" */,
				807D4F293015C89B00E953EC /* XCRemoteSwiftPackageReference "Swinject" */,
				807D4F2C3015C97100E953EC /* XCRemoteSwiftPackageReference "Nuke" */,
				807D4F353015C9C600E953EC /* XCRemoteSwiftPackageReference "PopupView" */,
				807D4F383015CA0600E953EC /* XCRemoteSwiftPackageReference "Pow" */,
				807D4F3B3015CA4800E953EC /* XCRemoteSwiftPackageReference "SkeletonUI" */,
				807D4F3E3015CA6B00E953EC /* XCRemoteSwiftPackageReference "ProgressHUD" */,
			);
			preferredProjectObjectVersion = 77;
			productRefGroup = 80887F07300D4ECD007EF3E5;
			projectDirPath = "";
			projectRoot = "";
			targets = (
				80887F0F300D4ECD007EF3E5 /* Instagram */,
			);
		};
/* End PBXProject section */

/* Begin PBXResourcesBuildPhase section */
		80887F0E300D4ECD007EF3E5 /* Resources */ = {
			isa = PBXResourcesBuildPhase;
			buildActionMask = 2147483647;
			files = (
			);
			runOnlyForDeploymentPostprocessing = 0;
		};
/* End PBXResourcesBuildPhase section */

/* Begin PBXSourcesBuildPhase section */
		80887F0C300D4ECD007EF3E5 /* Sources */ = {
			isa = PBXSourcesBuildPhase;
			buildActionMask = 2147483647;
			files = (
			);
			runOnlyForDeploymentPostprocessing = 0;
		};
/* End PBXSourcesBuildPhase section */

/* Begin XCBuildConfiguration section */
		80887F19300D4ECF007EF3E5 /* Debug */ = {
			isa = XCBuildConfiguration;
			buildSettings = {
				ALWAYS_SEARCH_USER_PATHS = NO;
				ASSETCATALOG_COMPILER_GENERATE_SWIFT_ASSET_SYMBOL_EXTENSIONS = YES;
				CLANG_ANALYZER_NONNULL = YES;
				CLANG_ANALYZER_NUMBER_OBJECT_CONVERSION = YES_AGGRESSIVE;
				CLANG_CXX_LANGUAGE_STANDARD = "gnu++20";
				CLANG_ENABLE_MODULES = YES;
				CLANG_ENABLE_OBJC_ARC = YES;
				CLANG_ENABLE_OBJC_WEAK = YES;
				CLANG_WARN_BLOCK_CAPTURE_AUTORELEASING = YES;
				CLANG_WARN_BOOL_CONVERSION = YES;
				CLANG_WARN_COMMA = YES;
				CLANG_WARN_CONSTANT_CONVERSION = YES;
				CLANG_WARN_DEPRECATED_OBJC_IMPLEMENTATIONS = YES;
				CLANG_WARN_DIRECT_OBJC_ISA_USAGE = YES_ERROR;
				CLANG_WARN_DOCUMENTATION_COMMENTS = YES;
				CLANG_WARN_EMPTY_BODY = YES;
				CLANG_WARN_ENUM_CONVERSION = YES;
				CLANG_WARN_INFINITE_RECURSION = YES;
				CLANG_WARN_INT_CONVERSION = YES;
				CLANG_WARN_NON_LITERAL_NULL_CONVERSION = YES;
				CLANG_WARN_OBJC_IMPLICIT_RETAIN_SELF = YES;
				CLANG_WARN_OBJC_LITERAL_CONVERSION = YES;
				CLANG_WARN_OBJC_ROOT_CLASS = YES_ERROR;
				CLANG_WARN_QUOTED_INCLUDE_IN_FRAMEWORK_HEADER = YES;
				CLANG_WARN_RANGE_LOOP_ANALYSIS = YES;
				CLANG_WARN_STRICT_PROTOTYPES = YES;
				CLANG_WARN_SUSPICIOUS_MOVE = YES;
				CLANG_WARN_UNGUARDED_AVAILABILITY = YES_AGGRESSIVE;
				CLANG_WARN_UNREACHABLE_CODE = YES;
				CLANG_WARN__DUPLICATE_METHOD_MATCH = YES;
				COPY_PHASE_STRIP = NO;
				DEBUG_INFORMATION_FORMAT = dwarf;
				DEVELOPMENT_TEAM = GAJCLMLJ23;
				ENABLE_STRICT_OBJC_MSGSEND = YES;
				ENABLE_TESTABILITY = YES;
				ENABLE_USER_SCRIPT_SANDBOXING = YES;
				GCC_C_LANGUAGE_STANDARD = gnu17;
				GCC_DYNAMIC_NO_PIC = NO;
				GCC_NO_COMMON_BLOCKS = YES;
				GCC_OPTIMIZATION_LEVEL = 0;
				GCC_PREPROCESSOR_DEFINITIONS = (
					"DEBUG=1",
					"$(inherited)",
				);
				GCC_WARN_64_TO_32_BIT_CONVERSION = YES;
				GCC_WARN_ABOUT_RETURN_TYPE = YES_ERROR;
				GCC_WARN_UNDECLARED_SELECTOR = YES;
				GCC_WARN_UNINITIALIZED_AUTOS = YES_AGGRESSIVE;
				GCC_WARN_UNUSED_FUNCTION = YES;
				GCC_WARN_UNUSED_VARIABLE = YES;
				IPHONEOS_DEPLOYMENT_TARGET = 26.2;
				LOCALIZATION_PREFERS_STRING_CATALOGS = YES;
				MTL_ENABLE_DEBUG_INFO = INCLUDE_SOURCE;
				MTL_FAST_MATH = YES;
				ONLY_ACTIVE_ARCH = YES;
				SDKROOT = iphoneos;
				SWIFT_ACTIVE_COMPILATION_CONDITIONS = "DEBUG $(inherited)";
				SWIFT_OPTIMIZATION_LEVEL = "-Onone";
			};
			name = Debug;
		};
		80887F1A300D4ECF007EF3E5 /* Release */ = {
			isa = XCBuildConfiguration;
			buildSettings = {
				ALWAYS_SEARCH_USER_PATHS = NO;
				ASSETCATALOG_COMPILER_GENERATE_SWIFT_ASSET_SYMBOL_EXTENSIONS = YES;
				CLANG_ANALYZER_NONNULL = YES;
				CLANG_ANALYZER_NUMBER_OBJECT_CONVERSION = YES_AGGRESSIVE;
				CLANG_CXX_LANGUAGE_STANDARD = "gnu++20";
				CLANG_ENABLE_MODULES = YES;
				CLANG_ENABLE_OBJC_ARC = YES;
				CLANG_ENABLE_OBJC_WEAK = YES;
				CLANG_WARN_BLOCK_CAPTURE_AUTORELEASING = YES;
				CLANG_WARN_BOOL_CONVERSION = YES;
				CLANG_WARN_COMMA = YES;
				CLANG_WARN_CONSTANT_CONVERSION = YES;
				CLANG_WARN_DEPRECATED_OBJC_IMPLEMENTATIONS = YES;
				CLANG_WARN_DIRECT_OBJC_ISA_USAGE = YES_ERROR;
				CLANG_WARN_DOCUMENTATION_COMMENTS = YES;
				CLANG_WARN_EMPTY_BODY = YES;
				CLANG_WARN_ENUM_CONVERSION = YES;
				CLANG_WARN_INFINITE_RECURSION = YES;
				CLANG_WARN_INT_CONVERSION = YES;
				CLANG_WARN_NON_LITERAL_NULL_CONVERSION = YES;
				CLANG_WARN_OBJC_IMPLICIT_RETAIN_SELF = YES;
				CLANG_WARN_OBJC_LITERAL_CONVERSION = YES;
				CLANG_WARN_OBJC_ROOT_CLASS = YES_ERROR;
				CLANG_WARN_QUOTED_INCLUDE_IN_FRAMEWORK_HEADER = YES;
				CLANG_WARN_RANGE_LOOP_ANALYSIS = YES;
				CLANG_WARN_STRICT_PROTOTYPES = YES;
				CLANG_WARN_SUSPICIOUS_MOVE = YES;
				CLANG_WARN_UNGUARDED_AVAILABILITY = YES_AGGRESSIVE;
				CLANG_WARN_UNREACHABLE_CODE = YES;
				CLANG_WARN__DUPLICATE_METHOD_MATCH = YES;
				COPY_PHASE_STRIP = NO;
				DEBUG_INFORMATION_FORMAT = "dwarf-with-dsym";
				DEVELOPMENT_TEAM = GAJCLMLJ23;
				ENABLE_NS_ASSERTIONS = NO;
				ENABLE_STRICT_OBJC_MSGSEND = YES;
				ENABLE_USER_SCRIPT_SANDBOXING = YES;
				GCC_C_LANGUAGE_STANDARD = gnu17;
				GCC_NO_COMMON_BLOCKS = YES;
				GCC_WARN_64_TO_32_BIT_CONVERSION = YES;
				GCC_WARN_ABOUT_RETURN_TYPE = YES_ERROR;
				GCC_WARN_UNDECLARED_SELECTOR = YES;
				GCC_WARN_UNINITIALIZED_AUTOS = YES_AGGRESSIVE;
				GCC_WARN_UNUSED_FUNCTION = YES;
				GCC_WARN_UNUSED_VARIABLE = YES;
				IPHONEOS_DEPLOYMENT_TARGET = 26.2;
				LOCALIZATION_PREFERS_STRING_CATALOGS = YES;
				MTL_ENABLE_DEBUG_INFO = NO;
				MTL_FAST_MATH = YES;
				SDKROOT = iphoneos;
				SWIFT_COMPILATION_MODE = wholemodule;
				VALIDATE_PRODUCT = YES;
			};
			name = Release;
		};
		80887F1C300D4ECF007EF3E5 /* Debug */ = {
			isa = XCBuildConfiguration;
			buildSettings = {
				ASSETCATALOG_COMPILER_APPICON_NAME = AppIcon;
				ASSETCATALOG_COMPILER_GLOBAL_ACCENT_COLOR_NAME = AccentColor;
				CODE_SIGN_STYLE = Automatic;
				CURRENT_PROJECT_VERSION = 1;
				DEVELOPMENT_TEAM = GAJCLMLJ23;
				ENABLE_PREVIEWS = YES;
				GENERATE_INFOPLIST_FILE = YES;
				INFOPLIST_KEY_UIApplicationSceneManifest_Generation = YES;
				INFOPLIST_KEY_UIApplicationSupportsIndirectInputEvents = YES;
				INFOPLIST_KEY_UILaunchScreen_Generation = YES;
				INFOPLIST_KEY_UISupportedInterfaceOrientations = UIInterfaceOrientationPortrait;
				IPHONEOS_DEPLOYMENT_TARGET = 18.0;
				LD_RUNPATH_SEARCH_PATHS = (
					"$(inherited)",
					"@executable_path/Frameworks",
				);
				MARKETING_VERSION = 1.0;
				PRODUCT_BUNDLE_IDENTIFIER = com.tomthecat.InstagramClone;
				PRODUCT_NAME = "$(TARGET_NAME)";
				STRING_CATALOG_GENERATE_SYMBOLS = YES;
				SUPPORTED_PLATFORMS = "iphoneos iphonesimulator";
				SUPPORTS_MACCATALYST = NO;
				SUPPORTS_MAC_DESIGNED_FOR_IPHONE_IPAD = NO;
				SUPPORTS_XR_DESIGNED_FOR_IPHONE_IPAD = NO;
				SWIFT_APPROACHABLE_CONCURRENCY = YES;
				SWIFT_DEFAULT_ACTOR_ISOLATION = MainActor;
				SWIFT_EMIT_LOC_STRINGS = YES;
				SWIFT_UPCOMING_FEATURE_MEMBER_IMPORT_VISIBILITY = YES;
				SWIFT_VERSION = 5.0;
				TARGETED_DEVICE_FAMILY = "1,2";
			};
			name = Debug;
		};
		80887F1D300D4ECF007EF3E5 /* Release */ = {
			isa = XCBuildConfiguration;
			buildSettings = {
				ASSETCATALOG_COMPILER_APPICON_NAME = AppIcon;
				ASSETCATALOG_COMPILER_GLOBAL_ACCENT_COLOR_NAME = AccentColor;
				CODE_SIGN_STYLE = Automatic;
				CURRENT_PROJECT_VERSION = 1;
				DEVELOPMENT_TEAM = GAJCLMLJ23;
				ENABLE_PREVIEWS = YES;
				GENERATE_INFOPLIST_FILE = YES;
				INFOPLIST_KEY_UIApplicationSceneManifest_Generation = YES;
				INFOPLIST_KEY_UIApplicationSupportsIndirectInputEvents = YES;
				INFOPLIST_KEY_UILaunchScreen_Generation = YES;
				INFOPLIST_KEY_UISupportedInterfaceOrientations = UIInterfaceOrientationPortrait;
				IPHONEOS_DEPLOYMENT_TARGET = 18.0;
				LD_RUNPATH_SEARCH_PATHS = (
					"$(inherited)",
					"@executable_path/Frameworks",
				);
				MARKETING_VERSION = 1.0;
				PRODUCT_BUNDLE_IDENTIFIER = com.tomthecat.InstagramClone;
				PRODUCT_NAME = "$(TARGET_NAME)";
				STRING_CATALOG_GENERATE_SYMBOLS = YES;
				SUPPORTED_PLATFORMS = "iphoneos iphonesimulator";
				SUPPORTS_MACCATALYST = NO;
				SUPPORTS_MAC_DESIGNED_FOR_IPHONE_IPAD = NO;
				SUPPORTS_XR_DESIGNED_FOR_IPHONE_IPAD = NO;
				SWIFT_APPROACHABLE_CONCURRENCY = YES;
				SWIFT_DEFAULT_ACTOR_ISOLATION = MainActor;
				SWIFT_EMIT_LOC_STRINGS = YES;
				SWIFT_UPCOMING_FEATURE_MEMBER_IMPORT_VISIBILITY = YES;
				SWIFT_VERSION = 5.0;
				TARGETED_DEVICE_FAMILY = "1,2";
			};
			name = Release;
		};
/* End XCBuildConfiguration section */

/* Begin XCConfigurationList section */
		80887F0B300D4ECD007EF3E5 /* Build configuration list for PBXProject "Instagram" */ = {
			isa = XCConfigurationList;
			buildConfigurations = (
				80887F19300D4ECF007EF3E5 /* Debug */,
				80887F1A300D4ECF007EF3E5 /* Release */,
			);
			defaultConfigurationIsVisible = 0;
			defaultConfigurationName = Release;
		};
		80887F1B300D4ECF007EF3E5 /* Build configuration list for PBXNativeTarget "Instagram" */ = {
			isa = XCConfigurationList;
			buildConfigurations = (
				80887F1C300D4ECF007EF3E5 /* Debug */,
				80887F1D300D4ECF007EF3E5 /* Release */,
			);
			defaultConfigurationIsVisible = 0;
			defaultConfigurationName = Release;
		};
/* End XCConfigurationList section */

/* Begin XCLocalSwiftPackageReference section */
/* End XCLocalSwiftPackageReference section */

/* Begin XCRemoteSwiftPackageReference section */
		807D4F2C3015C97100E953EC /* XCRemoteSwiftPackageReference "Nuke" */ = {
			isa = XCRemoteSwiftPackageReference;
			repositoryURL = "https://github.com/kean/Nuke.git";
			requirement = {
				kind = upToNextMajorVersion;
				minimumVersion = 13.0.0;
			};
		};
		807D4F153015C25B00E953EC /* XCRemoteSwiftPackageReference "Alamofire" */ = {
			isa = XCRemoteSwiftPackageReference;
			repositoryURL = "https://github.com/Alamofire/Alamofire.git";
			requirement = {
				kind = upToNextMajorVersion;
				minimumVersion = 5.12.0;
			};
		};
		807D4F263015C78500E953EC /* XCRemoteSwiftPackageReference "CombineExt" */ = {
			isa = XCRemoteSwiftPackageReference;
			repositoryURL = "https://github.com/CombineCommunity/CombineExt.git";
			requirement = {
				kind = upToNextMajorVersion;
				minimumVersion = 1.9.0;
			};
		};
		807D4F293015C89B00E953EC /* XCRemoteSwiftPackageReference "Swinject" */ = {
			isa = XCRemoteSwiftPackageReference;
			repositoryURL = "https://github.com/Swinject/Swinject.git";
			requirement = {
				kind = upToNextMajorVersion;
				minimumVersion = 2.10.0;
			};
		};
		807D4F353015C9C600E953EC /* XCRemoteSwiftPackageReference "PopupView" */ = {
			isa = XCRemoteSwiftPackageReference;
			repositoryURL = "https://github.com/exyte/PopupView.git";
			requirement = {
				kind = upToNextMajorVersion;
				minimumVersion = 5.0.3;
			};
		};
		807D4F383015CA0600E953EC /* XCRemoteSwiftPackageReference "Pow" */ = {
			isa = XCRemoteSwiftPackageReference;
			repositoryURL = "https://github.com/EmergeTools/Pow";
			requirement = {
				kind = upToNextMajorVersion;
				minimumVersion = 1.0.6;
			};
		};
		807D4F3B3015CA4800E953EC /* XCRemoteSwiftPackageReference "SkeletonUI" */ = {
			isa = XCRemoteSwiftPackageReference;
			repositoryURL = "https://github.com/CSolanaM/SkeletonUI.git";
			requirement = {
				kind = upToNextMajorVersion;
				minimumVersion = 2.0.2;
			};
		};
		807D4F3E3015CA6B00E953EC /* XCRemoteSwiftPackageReference "ProgressHUD" */ = {
			isa = XCRemoteSwiftPackageReference;
			repositoryURL = "https://github.com/relatedcode/ProgressHUD.git";
			requirement = {
				kind = upToNextMajorVersion;
				minimumVersion = 15.0.1;
			};
		};
/* End XCRemoteSwiftPackageReference section */

/* Begin XCSwiftPackageProductDependency section */
		807D4F163015C25B00E953EC /* Alamofire */ = {
			isa = XCSwiftPackageProductDependency;
			package = 807D4F153015C25B00E953EC /* XCRemoteSwiftPackageReference "Alamofire" */;
			productName = Alamofire;
		};
		807D4F273015C78500E953EC /* CombineExt */ = {
			isa = XCSwiftPackageProductDependency;
			package = 807D4F263015C78500E953EC /* XCRemoteSwiftPackageReference "CombineExt" */;
			productName = CombineExt;
		};
		807D4F2A3015C89B00E953EC /* Swinject */ = {
			isa = XCSwiftPackageProductDependency;
			package = 807D4F293015C89B00E953EC /* XCRemoteSwiftPackageReference "Swinject" */;
			productName = Swinject;
		};
		807D4F2D3015C97100E953EC /* Nuke */ = {
			isa = XCSwiftPackageProductDependency;
			package = 807D4F2C3015C97100E953EC /* XCRemoteSwiftPackageReference "Nuke" */;
			productName = Nuke;
		};
		807D4F2F3015C97100E953EC /* NukeExtensions */ = {
			isa = XCSwiftPackageProductDependency;
			package = 807D4F2C3015C97100E953EC /* XCRemoteSwiftPackageReference "Nuke" */;
			productName = NukeExtensions;
		};
		807D4F313015C97100E953EC /* NukeUI */ = {
			isa = XCSwiftPackageProductDependency;
			package = 807D4F2C3015C97100E953EC /* XCRemoteSwiftPackageReference "Nuke" */;
			productName = NukeUI;
		};
		807D4F333015C97100E953EC /* NukeVideo */ = {
			isa = XCSwiftPackageProductDependency;
			package = 807D4F2C3015C97100E953EC /* XCRemoteSwiftPackageReference "Nuke" */;
			productName = NukeVideo;
		};
		807D4F363015C9C600E953EC /* PopupView */ = {
			isa = XCSwiftPackageProductDependency;
			package = 807D4F353015C9C600E953EC /* XCRemoteSwiftPackageReference "PopupView" */;
			productName = PopupView;
		};
		807D4F393015CA0600E953EC /* Pow */ = {
			isa = XCSwiftPackageProductDependency;
			package = 807D4F383015CA0600E953EC /* XCRemoteSwiftPackageReference "Pow" */;
			productName = Pow;
		};
		807D4F3C3015CA4800E953EC /* SkeletonUI */ = {
			isa = XCSwiftPackageProductDependency;
			package = 807D4F3B3015CA4800E953EC /* XCRemoteSwiftPackageReference "SkeletonUI" */;
			productName = SkeletonUI;
		};
		807D4F3F3015CA6B00E953EC /* ProgressHUD */ = {
			isa = XCSwiftPackageProductDependency;
			package = 807D4F3E3015CA6B00E953EC /* XCRemoteSwiftPackageReference "ProgressHUD" */;
			productName = ProgressHUD;
		};
/* End XCSwiftPackageProductDependency section */
	};
	rootObject = 80887F08300D4ECD007EF3E5 /* Project object */;
}
